
Microsoft Visual Studio Solution File, Format Version 12.00
# Visual Studio Version 16
VisualStudioVersion = 16.0.32228.343
MinimumVisualStudioVersion = 10.0.40219.1
Project("{2150E333-8FDC-42A3-9474-1A3956D46DE8}") = "src", "src", "{9FC606CA-DEBF-4746-BF8C-C4EB32246A68}"
EndProject
Project("{2150E333-8FDC-42A3-9474-1A3956D46DE8}") = "1 - Presentation", "1 - Presentation", "{E3F4710F-4B42-4ED1-A629-18ADE9C5E967}"
EndProject
Project("{2150E333-8FDC-42A3-9474-1A3956D46DE8}") = "2 - Application", "2 - Application", "{26F751C5-3AA3-4E4E-950F-4A960581645C}"
EndProject
Project("{2150E333-8FDC-42A3-9474-1A3956D46DE8}") = "3 - Domain", "3 - Domain", "{EF374E6B-CB05-4083-B34B-439FF903D5B4}"
EndProject
Project("{2150E333-8FDC-42A3-9474-1A3956D46DE8}") = "4 - Infra", "4 - Infra", "{9B17A06B-94B9-403F-A347-355D833EAB4C}"
EndProject
Project("{2150E333-8FDC-42A3-9474-1A3956D46DE8}") = "4.1 - Data", "4.1 - Data", "{B9C48EF9-5F88-4C51-9D5A-2B76EEFB343F}"
EndProject
Project("{2150E333-8FDC-42A3-9474-1A3956D46DE8}") = "4.2 - Crosscutting", "4.2 - Crosscutting", "{50E8B1AF-E90F-4831-8195-DCA880A65ABD}"
EndProject
Project("{9A19103F-16F7-4668-BE54-9A1E7A4F7556}") = "Project.Ecommerce", "src\Project.Ecommerce\Project.Ecommerce.csproj", "{6BEF708E-7127-486A-A067-26E9E034522F}"
EndProject
Project("{9A19103F-16F7-4668-BE54-9A1E7A4F7556}") = "Project.Ecommerce.Application", "src\Project.Ecommerce.Application\Project.Ecommerce.Application.csproj", "{11DF132B-C861-482D-A68E-9828F6296264}"
EndProject
Project("{9A19103F-16F7-4668-BE54-9A1E7A4F7556}") = "Project.Ecommerce.Domain", "src\Project.Ecommerce.Domain\Project.Ecommerce.Domain.csproj", "{79E669E5-43B9-427E-A76A-FD6936E4EA37}"
EndProject
Project("{FAE04EC0-301F-11D3-BF4B-00C04F79EFBC}") = "Project.Ecommerce.Data", "Project.Ecommerce.Data\Project.Ecommerce.Data.csproj", "{75FAA553-CC06-41D6-A11D-102F8035F515}"
EndProject
Project("{FAE04EC0-301F-11D3-BF4B-00C04F79EFBC}") = "Project.Ecommerce.CrossCutting", "Project.Ecommerce.CrossCutting\Project.Ecommerce.CrossCutting.csproj", "{BFDCAA84-4687-4699-B30E-96F34DEA170B}"
EndProject
Global
	GlobalSection(SolutionConfigurationPlatforms) = preSolution
		Debug|Any CPU = Debug|Any CPU
		Release|Any CPU = Release|Any CPU
	EndGlobalSection
	GlobalSection(ProjectConfigurationPlatforms) = postSolution
		{6BEF708E-7127-486A-A067-26E9E034522F}.Debug|Any CPU.ActiveCfg = Debug|Any CPU
		{6BEF708E-7127-486A-A067-26E9E034522F}.Debug|Any CPU.Build.0 = Debug|Any CPU
		{6BEF708E-7127-486A-A067-26E9E034522F}.Release|Any CPU.ActiveCfg = Release|Any CPU
		{6BEF708E-7127-486A-A067-26E9E034522F}.Release|Any CPU.Build.0 = Release|Any CPU
		{11DF132B-C861-482D-A68E-9828F6296264}.Debug|Any CPU.ActiveCfg = Debug|Any CPU
		{11DF132B-C861-482D-A68E-9828F6296264}.Debug|Any CPU.Build.0 = Debug|Any CPU
		{11DF132B-C861-482D-A68E-9828F6296264}.Release|Any CPU.ActiveCfg = Release|Any CPU
		{11DF132B-C861-482D-A68E-9828F6296264}.Release|Any CPU.Build.0 = Release|Any CPU
		{79E669E5-43B9-427E-A76A-FD6936E4EA37}.Debug|Any CPU.ActiveCfg = Debug|Any CPU
		{79E669E5-43B9-427E-A76A-FD6936E4EA37}.Debug|Any CPU.Build.0 = Debug|Any CPU
		{79E669E5-43B9-427E-A76A-FD6936E4EA37}.Release|Any CPU.ActiveCfg = Release|Any CPU
		{79E669E5-43B9-427E-A76A-FD6936E4EA37}.Release|Any CPU.Build.0 = Release|Any CPU
		{75FAA553-CC06-41D6-A11D-102F8035F515}.Debug|Any CPU.ActiveCfg = Debug|Any CPU
		{75FAA553-CC06-41D6-A11D-102F8035F515}.Debug|Any CPU.Build.0 = Debug|Any CPU
		{75FAA553-CC06-41D6-A11D-102F8035F515}.Release|Any CPU.ActiveCfg = Release|Any CPU
		{75FAA553-CC06-41D6-A11D-102F8035F515}.Release|Any CPU.Build.0 = Release|Any CPU
		{BFDCAA84-4687-4699-B30E-96F34DEA170B}.Debug|Any CPU.ActiveCfg = Debug|Any CPU
		{BFDCAA84-4687-4699-B30E-96F34DEA170B}.Debug|Any CPU.Build.0 = Debug|Any CPU
		{BFDCAA84-4687-4699-B30E-96F34DEA170B}.Release|Any CPU.ActiveCfg = Release|Any CPU
		{BFDCAA84-4687-4699-B30E-96F34DEA170B}.Release|Any CPU.Build.0 = Release|Any CPU
	EndGlobalSection
	GlobalSection(SolutionProperties) = preSolution
		HideSolutionNode = FALSE
	EndGlobalSection
	GlobalSection(NestedProjects) = preSolution
		{E3F4710F-4B42-4ED1-A629-18ADE9C5E967} = {9FC606CA-DEBF-4746-BF8C-C4EB32246A68}
		{26F751C5-3AA3-4E4E-950F-4A960581645C} = {9FC606CA-DEBF-4746-BF8C-C4EB32246A68}
		{EF374E6B-CB05-4083-B34B-439FF903D5B4} = {9FC606CA-DEBF-4746-BF8C-C4EB32246A68}
		{9B17A06B-94B9-403F-A347-355D833EAB4C} = {9FC606CA-DEBF-4746-BF8C-C4EB32246A68}
		{B9C48EF9-5F88-4C51-9D5A-2B76EEFB343F} = {9B17A06B-94B9-403F-A347-355D833EAB4C}
		{50E8B1AF-E90F-4831-8195-DCA880A65ABD} = {9B17A06B-94B9-403F-A347-355D833EAB4C}
		{6BEF708E-7127-486A-A067-26E9E034522F} = {E3F4710F-4B42-4ED1-A629-18ADE9C5E967}
		{11DF132B-C861-482D-A68E-9828F6296264} = {26F751C5-3AA3-4E4E-950F-4A960581645C}
		{79E669E5-43B9-427E-A76A-FD6936E4EA37} = {EF374E6B-CB05-4083-B34B-439FF903D5B4}
		{75FAA553-CC06-41D6-A11D-102F8035F515} = {B9C48EF9-5F88-4C51-9D5A-2B76EEFB343F}
		{BFDCAA84-4687-4699-B30E-96F34DEA170B} = {50E8B1AF-E90F-4831-8195-DCA880A65ABD}
	EndGlobalSection
	GlobalSection(ExtensibilityGlobals) = postSolution
		SolutionGuid = {9413925C-CD79-4B86-B602-F7A2143DE050}
	EndGlobalSection
EndGlobal
